# This file was autogenerated by Stack.
# You should not edit this file by hand.
# For more information, please see the documentation at:
#   https://docs.haskellstack.org/en/stable/lock_files

packages:
- completed:
    hackage: binary-0.8.9.1@sha256:81f468c1c75fd6535152ab69b2d32ac6cfcc03e345267b069abe4da56ec95801,6523
    pantry-tree:
      sha256: 956ecd662408f69615977b87a92e042abcdc447b7824b8aabf5788c4393c10c5
      size: 1976
  original:
    hackage: binary-0.8.9.1
- completed:
    hackage: text-1.2.5.0@sha256:791f0f6c97ed96113f17ab520cf0efe1a3a4f883a8c85910a5660567c8241c40,7895
    pantry-tree:
      sha256: f41504ec5c04a3f3358ef104362f02fdef29cbce4e5e4e6dbd6b6db70c40d4bf
      size: 7395
  original:
    hackage: text-1.2.5.0
- completed:
    hackage: Cabal-3.6.3.0@sha256:ff97c442b0c679c1c9876acd15f73ac4f602b973c45bde42b43ec28265ee48f4,12459
    pantry-tree:
      sha256: b250a53bdb56844f047a2927833bb565b936a289abfa85dfc2a63148d776368a
      size: 19757
  original:
    hackage: Cabal-3.6.3.0
- completed:
    hackage: parsec-3.1.15.1@sha256:8c7a36aaadff12a38817fc3c4ff6c87e3352cffd1a58df640de7ed7a97ad8fa3,4601
    pantry-tree:
      sha256: 147ad21b8aa90273721903a6b294cc4ecd660d229d88c4e84c6275bc5d630ae6
      size: 2630
  original:
    hackage: parsec-3.1.15.1
- completed:
    hackage: containers-0.5.11.0@sha256:1af9da3baaddc4f4aaea016b07d4c38ddbf702ce3f0df31120531950837996b8,17308
    pantry-tree:
      sha256: febf797e5b9c013e0390cffbec266b46c68de56cd3745df6ee45d4bcff1e7cb2
      size: 4849
  original:
    hackage: containers-0.5.11.0
- completed:
    hackage: multiset-0.3.4@sha256:a82739a88411afb4a8b0d4d24a89038e7e6f7291e5721816bfbfa8138498fd54,1209
    pantry-tree:
      sha256: 9392bdec27f49d0426bbc7d739ab252e6fdc4e3c947977177142b99300a26b34
      size: 430
  original:
    hackage: multiset-0.3.4
- completed:
    hackage: union-find-array-0.1.0.2@sha256:38c2dfbae3de48d8962f202ec5c4d6323ac767d6838b85e8d340c3608d6c0f21,1406
    pantry-tree:
      sha256: e2f321041a1a777752f31bfe8d3bcf5f68d2d3ead2263560883e9610af719437
      size: 482
  original:
    hackage: union-find-array-0.1.0.2
- completed:
    hackage: term-rewriting-0.4.0.2@sha256:5412f6aa29c5756634ee30e8df923c83ab9f012a4b8797c460af3d7078466764,2740
    pantry-tree:
      sha256: 15a74c023b9caebbea2bda44141a060e78d46673c5768101c14fcd332c2408a0
      size: 3012
  original:
    hackage: term-rewriting-0.4.0.2
- completed:
    hackage: jukebox-0.3.7@sha256:5cbddff1dd58ab34128fbc0689cadeb03df135e28f8c3e6bfa8ced3c91acffdd,2225
    pantry-tree:
      sha256: eb56f51a67d919dbb63d8c6b1e34dcd09b32567b4fe55f789523fa825c558eec
      size: 2236
  original:
    hackage: jukebox-0.3.7
- completed:
    hackage: twee-lib-2.1.5@sha256:cd96a632c304dfc68ed4a44c357b97cd3761a50dc194860e0528121fa74157a1,2421
    pantry-tree:
      sha256: 4377aa01c14110ca7ac698a256070860781882af17542d11f16db836e0195219
      size: 1533
  original:
    hackage: twee-lib-2.1.5
- completed:
    hackage: minisat-0.1.2@sha256:1ab39be6c6cdbf35f6c98f64ddb39bf078e77814c0e086d73a14ff2e703a8942,1145
    pantry-tree:
      sha256: 5e2b851845b28189d32ce13fb3281fdac1b9041af40d86734096824c433061fe
      size: 1994
  original:
    hackage: minisat-0.1.2
- completed:
    hackage: PropLogic-0.9.0.4@sha256:445319a0ceb4e94520d7eff11b2e049e507795246bdbbdf593457bd11ec69cc4,1072
    pantry-tree:
      sha256: bcc092944daafb1458f1d0a26f09ef90b4fdfb7ea1437524668fe9bb231108b1
      size: 599
  original:
    hackage: PropLogic-0.9.0.4
snapshots:
- completed:
    sha256: 428ec8d5ce932190d3cbe266b9eb3c175cd81e984babf876b64019e2cbe4ea68
    size: 590100
    url: https://raw.githubusercontent.com/commercialhaskell/stackage-snapshots/master/lts/18/28.yaml
  original: lts-18.28
